
Microsoft Visual Studio Solution File, Format Version 12.00
Project("{FAE04EC0-301F-11D3-BF4B-00C04F79EFBC}") = "CLRS", "CLRS\CLRS.csproj", "{F28498F7-B9D5-40B4-8B7B-AB498C7ACF1A}"
EndProject
Project("{FAE04EC0-301F-11D3-BF4B-00C04F79EFBC}") = "CLRS.Test", "CLRS.Test\CLRS.Test.csproj", "{908BEA77-2C11-461C-8C87-6A4E31F47DBB}"
EndProject
Global
	GlobalSection(SolutionConfigurationPlatforms) = preSolution
		Debug|Any CPU = Debug|Any CPU
		Release|Any CPU = Release|Any CPU
	EndGlobalSection
	GlobalSection(ProjectConfigurationPlatforms) = postSolution
		{F28498F7-B9D5-40B4-8B7B-AB498C7ACF1A}.Debug|Any CPU.ActiveCfg = Debug|Any CPU
		{F28498F7-B9D5-40B4-8B7B-AB498C7ACF1A}.Debug|Any CPU.Build.0 = Debug|Any CPU
		{F28498F7-B9D5-40B4-8B7B-AB498C7ACF1A}.Release|Any CPU.ActiveCfg = Release|Any CPU
		{F28498F7-B9D5-40B4-8B7B-AB498C7ACF1A}.Release|Any CPU.Build.0 = Release|Any CPU
		{908BEA77-2C11-461C-8C87-6A4E31F47DBB}.Debug|Any CPU.ActiveCfg = Debug|Any CPU
		{908BEA77-2C11-461C-8C87-6A4E31F47DBB}.Debug|Any CPU.Build.0 = Debug|Any CPU
		{908BEA77-2C11-461C-8C87-6A4E31F47DBB}.Release|Any CPU.ActiveCfg = Release|Any CPU
		{908BEA77-2C11-461C-8C87-6A4E31F47DBB}.Release|Any CPU.Build.0 = Release|Any CPU
	EndGlobalSection
EndGlobal
